
Microsoft Visual Studio Solution File, Format Version 12.00
# Visual Studio Version 16
VisualStudioVersion = 16.0.29123.88
MinimumVisualStudioVersion = 10.0.40219.1
Project("{9A19103F-16F7-4668-BE54-9A1E7A4F7556}") = "Platform.Data.Doublets", "Platform.Data.Doublets\Platform.Data.Doublets.csproj", "{B2D499AC-A16B-4631-96F7-AF482911D288}"
EndProject
Project("{FAE04EC0-301F-11D3-BF4B-00C04F79EFBC}") = "Platform.Data.Doublets.Tests", "Platform.Data.Doublets.Tests\Platform.Data.Doublets.Tests.csproj", "{BC6BB484-C879-4E01-BF5F-8B33C37C9227}"
EndProject
Global
	GlobalSection(SolutionConfigurationPlatforms) = preSolution
		Debug|Any CPU = Debug|Any CPU
		Release|Any CPU = Release|Any CPU
	EndGlobalSection
	GlobalSection(ProjectConfigurationPlatforms) = postSolution
		{B2D499AC-A16B-4631-96F7-AF482911D288}.Debug|Any CPU.ActiveCfg = Debug|Any CPU
		{B2D499AC-A16B-4631-96F7-AF482911D288}.Debug|Any CPU.Build.0 = Debug|Any CPU
		{B2D499AC-A16B-4631-96F7-AF482911D288}.Release|Any CPU.ActiveCfg = Release|Any CPU
		{B2D499AC-A16B-4631-96F7-AF482911D288}.Release|Any CPU.Build.0 = Release|Any CPU
		{BC6BB484-C879-4E01-BF5F-8B33C37C9227}.Debug|Any CPU.ActiveCfg = Debug|Any CPU
		{BC6BB484-C879-4E01-BF5F-8B33C37C9227}.Debug|Any CPU.Build.0 = Debug|Any CPU
		{BC6BB484-C879-4E01-BF5F-8B33C37C9227}.Release|Any CPU.ActiveCfg = Release|Any CPU
		{BC6BB484-C879-4E01-BF5F-8B33C37C9227}.Release|Any CPU.Build.0 = Release|Any CPU
	EndGlobalSection
	GlobalSection(SolutionProperties) = preSolution
		HideSolutionNode = FALSE
	EndGlobalSection
	GlobalSection(ExtensibilityGlobals) = postSolution
		SolutionGuid = {9D0D9CA6-3248-4AE2-A6FA-CEF4A6CDDB01}
	EndGlobalSection
EndGlobal
