
Microsoft Visual Studio Solution File, Format Version 12.00
# Visual Studio Version 16
VisualStudioVersion = 16.0.29123.88
MinimumVisualStudioVersion = 10.0.40219.1
Project("{9A19103F-16F7-4668-BE54-9A1E7A4F7556}") = "Platform.Data.Doublets", "сsharp\Platform.Data.Doublets\Platform.Data.Doublets.csproj", "{D6651D74-646A-4B02-8E60-485885355228}"
EndProject
Project("{9A19103F-16F7-4668-BE54-9A1E7A4F7556}") = "Platform.Data.Doublets.Tests", "сsharp\Platform.Data.Doublets.Tests\Platform.Data.Doublets.Tests.csproj", "{F49D574A-655B-4690-A640-9C3A9603CAB9}"
EndProject
Global
	GlobalSection(SolutionConfigurationPlatforms) = preSolution
		Debug|Any CPU = Debug|Any CPU
		Release|Any CPU = Release|Any CPU
	EndGlobalSection
	GlobalSection(ProjectConfigurationPlatforms) = postSolution
		{D6651D74-646A-4B02-8E60-485885355228}.Debug|Any CPU.ActiveCfg = Debug|Any CPU
		{D6651D74-646A-4B02-8E60-485885355228}.Debug|Any CPU.Build.0 = Debug|Any CPU
		{D6651D74-646A-4B02-8E60-485885355228}.Release|Any CPU.ActiveCfg = Release|Any CPU
		{D6651D74-646A-4B02-8E60-485885355228}.Release|Any CPU.Build.0 = Release|Any CPU
		{F49D574A-655B-4690-A640-9C3A9603CAB9}.Debug|Any CPU.ActiveCfg = Debug|Any CPU
		{F49D574A-655B-4690-A640-9C3A9603CAB9}.Debug|Any CPU.Build.0 = Debug|Any CPU
		{F49D574A-655B-4690-A640-9C3A9603CAB9}.Release|Any CPU.ActiveCfg = Release|Any CPU
		{F49D574A-655B-4690-A640-9C3A9603CAB9}.Release|Any CPU.Build.0 = Release|Any CPU
	EndGlobalSection
	GlobalSection(SolutionProperties) = preSolution
		HideSolutionNode = FALSE
	EndGlobalSection
	GlobalSection(ExtensibilityGlobals) = postSolution
		SolutionGuid = {9D0D9CA6-3248-4AE2-A6FA-CEF4A6CDDB01}
	EndGlobalSection
EndGlobal
